
Microsoft Visual Studio Solution File, Format Version 12.00
# Visual Studio Version 17
VisualStudioVersion = 17.14.36401.2 d17.14
MinimumVisualStudioVersion = 10.0.40219.1
Project("{FAE04EC0-301F-11D3-BF4B-00C04F79EFBC}") = "GerenciamentoPedidos", "GerenciamentoPedidos.csproj", "{082EC411-73C2-4BBE-9285-82F159A50AAD}"
EndProject
Global
	GlobalSection(SolutionConfigurationPlatforms) = preSolution
		Debug|Any CPU = Debug|Any CPU
		Release|Any CPU = Release|Any CPU
	EndGlobalSection
	GlobalSection(ProjectConfigurationPlatforms) = postSolution
		{082EC411-73C2-4BBE-9285-82F159A50AAD}.Debug|Any CPU.ActiveCfg = Debug|Any CPU
		{082EC411-73C2-4BBE-9285-82F159A50AAD}.Debug|Any CPU.Build.0 = Debug|Any CPU
		{082EC411-73C2-4BBE-9285-82F159A50AAD}.Release|Any CPU.ActiveCfg = Release|Any CPU
		{082EC411-73C2-4BBE-9285-82F159A50AAD}.Release|Any CPU.Build.0 = Release|Any CPU
	EndGlobalSection
	GlobalSection(SolutionProperties) = preSolution
		HideSolutionNode = FALSE
	EndGlobalSection
	GlobalSection(ExtensibilityGlobals) = postSolution
		SolutionGuid = {C1A42967-FC52-43BD-B738-EBA785A4561C}
	EndGlobalSection
EndGlobal
